# Code generated by scarb DO NOT EDIT.
version = 1

[[package]]
name = "piggy_bank"
version = "0.1.0"
dependencies = [
 "snforge_std",
]

[[package]]
name = "snforge_std"
version = "0.1.0"
source = "git+https://github.com/foundry-rs/starknet-foundry?tag=v0.13.1#e1412ed040d10e66be0fd84115f72a667b57a116"
