# Code generated by scarb DO NOT EDIT.
version = 1

[[package]]
name = "piggy_bank"
version = "0.1.0"
dependencies = [
 "snforge_std",
]

[[package]]
name = "snforge_std"
version = "0.1.0"
source = "git+https://github.com/foundry-rs/starknet-foundry?tag=v0.10.1#2f1597fb724b7df3050468bd0e6a8a3a0e225001"
