# THIS IS AN AUTOGENERATED FILE. DO NOT EDIT THIS FILE DIRECTLY.
# yarn lockfile v1


"@babel/runtime@^7.18.9", "@babel/runtime@^7.7.6":
  "integrity" "sha512-Y7KbAP984rn1VGMbGqKmBLio9V7y5Je9GvU4rQPCPinCyNfUcToxIXl06d59URp/F3LwinvODxab5N/G6qggkw=="
  "resolved" "https://registry.npmjs.org/@babel/runtime/-/runtime-7.23.8.tgz"
  "version" "7.23.8"
  dependencies:
    "regenerator-runtime" "^0.14.0"

"all-contributors-cli@^6.26.1":
  "integrity" "sha512-Ymgo3FJACRBEd1eE653FD1J/+uD0kqpUNYfr9zNC1Qby0LgbhDBzB3EF6uvkAbYpycStkk41J+0oo37Lc02yEw=="
  "resolved" "https://registry.npmjs.org/all-contributors-cli/-/all-contributors-cli-6.26.1.tgz"
  "version" "6.26.1"
  dependencies:
    "@babel/runtime" "^7.7.6"
    "async" "^3.1.0"
    "chalk" "^4.0.0"
    "didyoumean" "^1.2.1"
    "inquirer" "^7.3.3"
    "json-fixer" "^1.6.8"
    "lodash" "^4.11.2"
    "node-fetch" "^2.6.0"
    "pify" "^5.0.0"
    "yargs" "^15.0.1"
  optionalDependencies:
    "prettier" "^2"

"ansi-escapes@^4.2.1":
  "integrity" "sha512-gKXj5ALrKWQLsYG9jlTRmR/xKluxHV+Z9QEwNIgCfM1/uwPMCuzVVnh5mwTd+OuBZcwSIMbqssNWRm1lE51QaQ=="
  "resolved" "https://registry.npmjs.org/ansi-escapes/-/ansi-escapes-4.3.2.tgz"
  "version" "4.3.2"
  dependencies:
    "type-fest" "^0.21.3"

"ansi-regex@^5.0.1":
  "integrity" "sha512-quJQXlTSUGL2LH9SUXo8VwsY4soanhgo6LNSm84E1LBcE8s3O0wpdiRzyR9z/ZZJMlMWv37qOOb9pdJlMUEKFQ=="
  "resolved" "https://registry.npmjs.org/ansi-regex/-/ansi-regex-5.0.1.tgz"
  "version" "5.0.1"

"ansi-styles@^4.0.0", "ansi-styles@^4.1.0":
  "integrity" "sha512-zbB9rCJAT1rbjiVDb2hqKFHNYLxgtk8NURxZ3IZwD3F6NtxbXZQCnnSi1Lkx+IDohdPlFp222wVALIheZJQSEg=="
  "resolved" "https://registry.npmjs.org/ansi-styles/-/ansi-styles-4.3.0.tgz"
  "version" "4.3.0"
  dependencies:
    "color-convert" "^2.0.1"

"async@^3.1.0":
  "integrity" "sha512-baNZyqaaLhyLVKm/DlvdW051MSgO6b8eVfIezl9E5PqWxFgzLm/wQntEW4zOytVburDEr0JlALEpdOFwvErLsg=="
  "resolved" "https://registry.npmjs.org/async/-/async-3.2.5.tgz"
  "version" "3.2.5"

"camelcase@^5.0.0":
  "integrity" "sha512-L28STB170nwWS63UjtlEOE3dldQApaJXZkOI1uMFfzf3rRuPegHaHesyee+YxQ+W6SvRDQV6UrdOdRiR153wJg=="
  "resolved" "https://registry.npmjs.org/camelcase/-/camelcase-5.3.1.tgz"
  "version" "5.3.1"

"chalk@^4.0.0", "chalk@^4.1.0", "chalk@^4.1.2":
  "integrity" "sha512-oKnbhFyRIXpUuez8iBMmyEa4nbj4IOQyuhc/wy9kY7/WVPcwIO9VA668Pu8RkO7+0G76SLROeyw9CpQ061i4mA=="
  "resolved" "https://registry.npmjs.org/chalk/-/chalk-4.1.2.tgz"
  "version" "4.1.2"
  dependencies:
    "ansi-styles" "^4.1.0"
    "supports-color" "^7.1.0"

"chardet@^0.7.0":
  "integrity" "sha512-mT8iDcrh03qDGRRmoA2hmBJnxpllMR+0/0qlzjqZES6NdiWDcZkCNAk4rPFZ9Q85r27unkiNNg8ZOiwZXBHwcA=="
  "resolved" "https://registry.npmjs.org/chardet/-/chardet-0.7.0.tgz"
  "version" "0.7.0"

"cli-cursor@^3.1.0":
  "integrity" "sha512-I/zHAwsKf9FqGoXM4WWRACob9+SNukZTd94DWF57E4toouRulbCxcUh6RKUEOQlYTHJnzkPMySvPNaaSLNfLZw=="
  "resolved" "https://registry.npmjs.org/cli-cursor/-/cli-cursor-3.1.0.tgz"
  "version" "3.1.0"
  dependencies:
    "restore-cursor" "^3.1.0"

"cli-width@^3.0.0":
  "integrity" "sha512-FxqpkPPwu1HjuN93Omfm4h8uIanXofW0RxVEW3k5RKx+mJJYSthzNhp32Kzxxy3YAEZ/Dc/EWN1vZRY0+kOhbw=="
  "resolved" "https://registry.npmjs.org/cli-width/-/cli-width-3.0.0.tgz"
  "version" "3.0.0"

"cliui@^6.0.0":
  "integrity" "sha512-t6wbgtoCXvAzst7QgXxJYqPt0usEfbgQdftEPbLL/cvv6HPE5VgvqCuAIDR0NgU52ds6rFwqrgakNLrHEjCbrQ=="
  "resolved" "https://registry.npmjs.org/cliui/-/cliui-6.0.0.tgz"
  "version" "6.0.0"
  dependencies:
    "string-width" "^4.2.0"
    "strip-ansi" "^6.0.0"
    "wrap-ansi" "^6.2.0"

"color-convert@^2.0.1":
  "integrity" "sha512-RRECPsj7iu/xb5oKYcsFHSppFNnsj/52OVTRKb4zP5onXwVF3zVmmToNcOfGC+CRDpfK/U584fMg38ZHCaElKQ=="
  "resolved" "https://registry.npmjs.org/color-convert/-/color-convert-2.0.1.tgz"
  "version" "2.0.1"
  dependencies:
    "color-name" "~1.1.4"

"color-name@~1.1.4":
  "integrity" "sha512-dOy+3AuW3a2wNbZHIuMZpTcgjGuLU/uBL/ubcZF9OXbDo8ff4O8yVp5Bf0efS8uEoYo5q4Fx7dY9OgQGXgAsQA=="
  "resolved" "https://registry.npmjs.org/color-name/-/color-name-1.1.4.tgz"
  "version" "1.1.4"

"decamelize@^1.2.0":
  "integrity" "sha512-z2S+W9X73hAUUki+N+9Za2lBlun89zigOyGrsax+KUQ6wKW4ZoWpEYBkGhQjwAjjDCkWxhY0VKEhk8wzY7F5cA=="
  "resolved" "https://registry.npmjs.org/decamelize/-/decamelize-1.2.0.tgz"
  "version" "1.2.0"

"didyoumean@^1.2.1":
  "integrity" "sha512-gxtyfqMg7GKyhQmb056K7M3xszy/myH8w+B4RT+QXBQsvAOdc3XymqDDPHx1BgPgsdAA5SIifona89YtRATDzw=="
  "resolved" "https://registry.npmjs.org/didyoumean/-/didyoumean-1.2.2.tgz"
  "version" "1.2.2"

"emoji-regex@^8.0.0":
  "integrity" "sha512-MSjYzcWNOA0ewAHpz0MxpYFvwg6yjy1NG3xteoqz644VCo/RPgnr1/GGt+ic3iJTzQ8Eu3TdM14SawnVUmGE6A=="
  "resolved" "https://registry.npmjs.org/emoji-regex/-/emoji-regex-8.0.0.tgz"
  "version" "8.0.0"

"escape-string-regexp@^1.0.5":
  "integrity" "sha512-vbRorB5FUQWvla16U8R/qgaFIya2qGzwDrNmCZuYKrbdSUMG6I1ZCGQRefkRVhuOkIGVne7BQ35DSfo1qvJqFg=="
  "resolved" "https://registry.npmjs.org/escape-string-regexp/-/escape-string-regexp-1.0.5.tgz"
  "version" "1.0.5"

"external-editor@^3.0.3":
  "integrity" "sha512-hMQ4CX1p1izmuLYyZqLMO/qGNw10wSv9QDCPfzXfyFrOaCSSoRfqE1Kf1s5an66J5JZC62NewG+mK49jOCtQew=="
  "resolved" "https://registry.npmjs.org/external-editor/-/external-editor-3.1.0.tgz"
  "version" "3.1.0"
  dependencies:
    "chardet" "^0.7.0"
    "iconv-lite" "^0.4.24"
    "tmp" "^0.0.33"

"figures@^3.0.0":
  "integrity" "sha512-yaduQFRKLXYOGgEn6AZau90j3ggSOyiqXU0F9JZfeXYhNa+Jk4X+s45A2zg5jns87GAFa34BBm2kXw4XpNcbdg=="
  "resolved" "https://registry.npmjs.org/figures/-/figures-3.2.0.tgz"
  "version" "3.2.0"
  dependencies:
    "escape-string-regexp" "^1.0.5"

"find-up@^4.1.0":
  "integrity" "sha512-PpOwAdQ/YlXQ2vj8a3h8IipDuYRi3wceVQQGYWxNINccq40Anw7BlsEXCMbt1Zt+OLA6Fq9suIpIWD0OsnISlw=="
  "resolved" "https://registry.npmjs.org/find-up/-/find-up-4.1.0.tgz"
  "version" "4.1.0"
  dependencies:
    "locate-path" "^5.0.0"
    "path-exists" "^4.0.0"

"get-caller-file@^2.0.1":
  "integrity" "sha512-DyFP3BM/3YHTQOCUL/w0OZHR0lpKeGrxotcHWcqNEdnltqFwXVfhEBQ94eIo34AfQpo0rGki4cyIiftY06h2Fg=="
  "resolved" "https://registry.npmjs.org/get-caller-file/-/get-caller-file-2.0.5.tgz"
  "version" "2.0.5"

"has-flag@^4.0.0":
  "integrity" "sha512-EykJT/Q1KjTWctppgIAgfSO0tKVuZUjhgMr17kqTumMl6Afv3EISleU7qZUzoXDFTAHTDC4NOoG/ZxU3EvlMPQ=="
  "resolved" "https://registry.npmjs.org/has-flag/-/has-flag-4.0.0.tgz"
  "version" "4.0.0"

"husky@^8.0.3":
  "integrity" "sha512-+dQSyqPh4x1hlO1swXBiNb2HzTDN1I2IGLQx1GrBuiqFJfoMrnZWwVmatvSiO+Iz8fBUnf+lekwNo4c2LlXItg=="
  "resolved" "https://registry.npmjs.org/husky/-/husky-8.0.3.tgz"
  "version" "8.0.3"

"iconv-lite@^0.4.24":
  "integrity" "sha512-v3MXnZAcvnywkTUEZomIActle7RXXeedOR31wwl7VlyoXO4Qi9arvSenNQWne1TcRwhCL1HwLI21bEqdpj8/rA=="
  "resolved" "https://registry.npmjs.org/iconv-lite/-/iconv-lite-0.4.24.tgz"
  "version" "0.4.24"
  dependencies:
    "safer-buffer" ">= 2.1.2 < 3"

"inquirer@^7.3.3":
  "integrity" "sha512-JG3eIAj5V9CwcGvuOmoo6LB9kbAYT8HXffUl6memuszlwDC/qvFAJw49XJ5NROSFNPxp3iQg1GqkFhaY/CR0IA=="
  "resolved" "https://registry.npmjs.org/inquirer/-/inquirer-7.3.3.tgz"
  "version" "7.3.3"
  dependencies:
    "ansi-escapes" "^4.2.1"
    "chalk" "^4.1.0"
    "cli-cursor" "^3.1.0"
    "cli-width" "^3.0.0"
    "external-editor" "^3.0.3"
    "figures" "^3.0.0"
    "lodash" "^4.17.19"
    "mute-stream" "0.0.8"
    "run-async" "^2.4.0"
    "rxjs" "^6.6.0"
    "string-width" "^4.1.0"
    "strip-ansi" "^6.0.0"
    "through" "^2.3.6"

"is-fullwidth-code-point@^3.0.0":
  "integrity" "sha512-zymm5+u+sCsSWyD9qNaejV3DFvhCKclKdizYaJUuHA83RLjb7nSuGnddCHGv0hk+KY7BMAlsWeK4Ueg6EV6XQg=="
  "resolved" "https://registry.npmjs.org/is-fullwidth-code-point/-/is-fullwidth-code-point-3.0.0.tgz"
  "version" "3.0.0"

"json-fixer@^1.6.8":
  "integrity" "sha512-TuDuZ5KrgyjoCIppdPXBMqiGfota55+odM+j2cQ5rt/XKyKmqGB3Whz1F8SN8+60yYGy/Nu5lbRZ+rx8kBIvBw=="
  "resolved" "https://registry.npmjs.org/json-fixer/-/json-fixer-1.6.15.tgz"
  "version" "1.6.15"
  dependencies:
    "@babel/runtime" "^7.18.9"
    "chalk" "^4.1.2"
    "pegjs" "^0.10.0"

"locate-path@^5.0.0":
  "integrity" "sha512-t7hw9pI+WvuwNJXwk5zVHpyhIqzg2qTlklJOf0mVxGSbe3Fp2VieZcduNYjaLDoy6p9uGpQEGWG87WpMKlNq8g=="
  "resolved" "https://registry.npmjs.org/locate-path/-/locate-path-5.0.0.tgz"
  "version" "5.0.0"
  dependencies:
    "p-locate" "^4.1.0"

"lodash@^4.11.2", "lodash@^4.17.19":
  "integrity" "sha512-v2kDEe57lecTulaDIuNTPy3Ry4gLGJ6Z1O3vE1krgXZNrsQ+LFTGHVxVjcXPs17LhbZVGedAJv8XZ1tvj5FvSg=="
  "resolved" "https://registry.npmjs.org/lodash/-/lodash-4.17.21.tgz"
  "version" "4.17.21"

"mimic-fn@^2.1.0":
  "integrity" "sha512-OqbOk5oEQeAZ8WXWydlu9HJjz9WVdEIvamMCcXmuqUYjTknH/sqsWvhQ3vgwKFRR1HpjvNBKQ37nbJgYzGqGcg=="
  "resolved" "https://registry.npmjs.org/mimic-fn/-/mimic-fn-2.1.0.tgz"
  "version" "2.1.0"

"mute-stream@0.0.8":
  "integrity" "sha512-nnbWWOkoWyUsTjKrhgD0dcz22mdkSnpYqbEjIm2nhwhuxlSkpywJmBo8h0ZqJdkp73mb90SssHkN4rsRaBAfAA=="
  "resolved" "https://registry.npmjs.org/mute-stream/-/mute-stream-0.0.8.tgz"
  "version" "0.0.8"

"node-fetch@^2.6.0":
  "integrity" "sha512-c4FRfUm/dbcWZ7U+1Wq0AwCyFL+3nt2bEw05wfxSz+DWpWsitgmSgYmy2dQdWyKC1694ELPqMs/YzUSNozLt8A=="
  "resolved" "https://registry.npmjs.org/node-fetch/-/node-fetch-2.7.0.tgz"
  "version" "2.7.0"
  dependencies:
    "whatwg-url" "^5.0.0"

"onetime@^5.1.0":
  "integrity" "sha512-kbpaSSGJTWdAY5KPVeMOKXSrPtr8C8C7wodJbcsd51jRnmD+GZu8Y0VoU6Dm5Z4vWr0Ig/1NKuWRKf7j5aaYSg=="
  "resolved" "https://registry.npmjs.org/onetime/-/onetime-5.1.2.tgz"
  "version" "5.1.2"
  dependencies:
    "mimic-fn" "^2.1.0"

"os-tmpdir@~1.0.2":
  "integrity" "sha512-D2FR03Vir7FIu45XBY20mTb+/ZSWB00sjU9jdQXt83gDrI4Ztz5Fs7/yy74g2N5SVQY4xY1qDr4rNddwYRVX0g=="
  "resolved" "https://registry.npmjs.org/os-tmpdir/-/os-tmpdir-1.0.2.tgz"
  "version" "1.0.2"

"p-limit@^2.2.0":
  "integrity" "sha512-//88mFWSJx8lxCzwdAABTJL2MyWB12+eIY7MDL2SqLmAkeKU9qxRvWuSyTjm3FUmpBEMuFfckAIqEaVGUDxb6w=="
  "resolved" "https://registry.npmjs.org/p-limit/-/p-limit-2.3.0.tgz"
  "version" "2.3.0"
  dependencies:
    "p-try" "^2.0.0"

"p-locate@^4.1.0":
  "integrity" "sha512-R79ZZ/0wAxKGu3oYMlz8jy/kbhsNrS7SKZ7PxEHBgJ5+F2mtFW2fK2cOtBh1cHYkQsbzFV7I+EoRKe6Yt0oK7A=="
  "resolved" "https://registry.npmjs.org/p-locate/-/p-locate-4.1.0.tgz"
  "version" "4.1.0"
  dependencies:
    "p-limit" "^2.2.0"

"p-try@^2.0.0":
  "integrity" "sha512-R4nPAVTAU0B9D35/Gk3uJf/7XYbQcyohSKdvAxIRSNghFl4e71hVoGnBNQz9cWaXxO2I10KTC+3jMdvvoKw6dQ=="
  "resolved" "https://registry.npmjs.org/p-try/-/p-try-2.2.0.tgz"
  "version" "2.2.0"

"path-exists@^4.0.0":
  "integrity" "sha512-ak9Qy5Q7jYb2Wwcey5Fpvg2KoAc/ZIhLSLOSBmRmygPsGwkVVt0fZa0qrtMz+m6tJTAHfZQ8FnmB4MG4LWy7/w=="
  "resolved" "https://registry.npmjs.org/path-exists/-/path-exists-4.0.0.tgz"
  "version" "4.0.0"

"pegjs@^0.10.0":
  "integrity" "sha512-qI5+oFNEGi3L5HAxDwN2LA4Gg7irF70Zs25edhjld9QemOgp0CbvMtbFcMvFtEo1OityPrcCzkQFB8JP/hxgow=="
  "resolved" "https://registry.npmjs.org/pegjs/-/pegjs-0.10.0.tgz"
  "version" "0.10.0"

"pify@^5.0.0":
  "integrity" "sha512-eW/gHNMlxdSP6dmG6uJip6FXN0EQBwm2clYYd8Wul42Cwu/DK8HEftzsapcNdYe2MfLiIwZqsDk2RDEsTE79hA=="
  "resolved" "https://registry.npmjs.org/pify/-/pify-5.0.0.tgz"
  "version" "5.0.0"

"prettier@^2":
  "integrity" "sha512-tdN8qQGvNjw4CHbY+XXk0JgCXn9QiF21a55rBe5LJAU+kDyC4WQn4+awm2Xfk2lQMk5fKup9XgzTZtGkjBdP9Q=="
  "resolved" "https://registry.npmjs.org/prettier/-/prettier-2.8.8.tgz"
  "version" "2.8.8"

"prettier@^3.2.4":
  "integrity" "sha512-FWu1oLHKCrtpO1ypU6J0SbK2d9Ckwysq6bHj/uaCP26DxrPpppCLQRGVuqAxSTvhF00AcvDRyYrLNW7ocBhFFQ=="
  "resolved" "https://registry.npmjs.org/prettier/-/prettier-3.2.4.tgz"
  "version" "3.2.4"

"regenerator-runtime@^0.14.0":
  "integrity" "sha512-dYnhHh0nJoMfnkZs6GmmhFknAGRrLznOu5nc9ML+EJxGvrx6H7teuevqVqCuPcPK//3eDrrjQhehXVx9cnkGdw=="
  "resolved" "https://registry.npmjs.org/regenerator-runtime/-/regenerator-runtime-0.14.1.tgz"
  "version" "0.14.1"

"require-directory@^2.1.1":
  "integrity" "sha512-fGxEI7+wsG9xrvdjsrlmL22OMTTiHRwAMroiEeMgq8gzoLC/PQr7RsRDSTLUg/bZAZtF+TVIkHc6/4RIKrui+Q=="
  "resolved" "https://registry.npmjs.org/require-directory/-/require-directory-2.1.1.tgz"
  "version" "2.1.1"

"require-main-filename@^2.0.0":
  "integrity" "sha512-NKN5kMDylKuldxYLSUfrbo5Tuzh4hd+2E8NPPX02mZtn1VuREQToYe/ZdlJy+J3uCpfaiGF05e7B8W0iXbQHmg=="
  "resolved" "https://registry.npmjs.org/require-main-filename/-/require-main-filename-2.0.0.tgz"
  "version" "2.0.0"

"restore-cursor@^3.1.0":
  "integrity" "sha512-l+sSefzHpj5qimhFSE5a8nufZYAM3sBSVMAPtYkmC+4EH2anSGaEMXSD0izRQbu9nfyQ9y5JrVmp7E8oZrUjvA=="
  "resolved" "https://registry.npmjs.org/restore-cursor/-/restore-cursor-3.1.0.tgz"
  "version" "3.1.0"
  dependencies:
    "onetime" "^5.1.0"
    "signal-exit" "^3.0.2"

"run-async@^2.4.0":
  "integrity" "sha512-tvVnVv01b8c1RrA6Ep7JkStj85Guv/YrMcwqYQnwjsAS2cTmmPGBBjAjpCW7RrSodNSoE2/qg9O4bceNvUuDgQ=="
  "resolved" "https://registry.npmjs.org/run-async/-/run-async-2.4.1.tgz"
  "version" "2.4.1"

"rxjs@^6.6.0":
  "integrity" "sha512-hTdwr+7yYNIT5n4AMYp85KA6yw2Va0FLa3Rguvbpa4W3I5xynaBZo41cM3XM+4Q6fRMj3sBYIR1VAmZMXYJvRQ=="
  "resolved" "https://registry.npmjs.org/rxjs/-/rxjs-6.6.7.tgz"
  "version" "6.6.7"
  dependencies:
    "tslib" "^1.9.0"

"safer-buffer@>= 2.1.2 < 3":
  "integrity" "sha512-YZo3K82SD7Riyi0E1EQPojLz7kpepnSQI9IyPbHHg1XXXevb5dJI7tpyN2ADxGcQbHG7vcyRHk0cbwqcQriUtg=="
  "resolved" "https://registry.npmjs.org/safer-buffer/-/safer-buffer-2.1.2.tgz"
  "version" "2.1.2"

"set-blocking@^2.0.0":
  "integrity" "sha512-KiKBS8AnWGEyLzofFfmvKwpdPzqiy16LvQfK3yv/fVH7Bj13/wl3JSR1J+rfgRE9q7xUJK4qvgS8raSOeLUehw=="
  "resolved" "https://registry.npmjs.org/set-blocking/-/set-blocking-2.0.0.tgz"
  "version" "2.0.0"

"signal-exit@^3.0.2":
  "integrity" "sha512-wnD2ZE+l+SPC/uoS0vXeE9L1+0wuaMqKlfz9AMUo38JsyLSBWSFcHR1Rri62LZc12vLr1gb3jl7iwQhgwpAbGQ=="
  "resolved" "https://registry.npmjs.org/signal-exit/-/signal-exit-3.0.7.tgz"
  "version" "3.0.7"

"string-width@^4.1.0", "string-width@^4.2.0":
  "integrity" "sha512-wKyQRQpjJ0sIp62ErSZdGsjMJWsap5oRNihHhu6G7JVO/9jIB6UyevL+tXuOqrng8j/cxKTWyWUwvSTriiZz/g=="
  "resolved" "https://registry.npmjs.org/string-width/-/string-width-4.2.3.tgz"
  "version" "4.2.3"
  dependencies:
    "emoji-regex" "^8.0.0"
    "is-fullwidth-code-point" "^3.0.0"
    "strip-ansi" "^6.0.1"

"strip-ansi@^6.0.0", "strip-ansi@^6.0.1":
  "integrity" "sha512-Y38VPSHcqkFrCpFnQ9vuSXmquuv5oXOKpGeT6aGrr3o3Gc9AlVa6JBfUSOCnbxGGZF+/0ooI7KrPuUSztUdU5A=="
  "resolved" "https://registry.npmjs.org/strip-ansi/-/strip-ansi-6.0.1.tgz"
  "version" "6.0.1"
  dependencies:
    "ansi-regex" "^5.0.1"

"supports-color@^7.1.0":
  "integrity" "sha512-qpCAvRl9stuOHveKsn7HncJRvv501qIacKzQlO/+Lwxc9+0q2wLyv4Dfvt80/DPn2pqOBsJdDiogXGR9+OvwRw=="
  "resolved" "https://registry.npmjs.org/supports-color/-/supports-color-7.2.0.tgz"
  "version" "7.2.0"
  dependencies:
    "has-flag" "^4.0.0"

"through@^2.3.6":
  "integrity" "sha512-w89qg7PI8wAdvX60bMDP+bFoD5Dvhm9oLheFp5O4a2QF0cSBGsBX4qZmadPMvVqlLJBBci+WqGGOAPvcDeNSVg=="
  "resolved" "https://registry.npmjs.org/through/-/through-2.3.8.tgz"
  "version" "2.3.8"

"tmp@^0.0.33":
  "integrity" "sha512-jRCJlojKnZ3addtTOjdIqoRuPEKBvNXcGYqzO6zWZX8KfKEpnGY5jfggJQ3EjKuu8D4bJRr0y+cYJFmYbImXGw=="
  "resolved" "https://registry.npmjs.org/tmp/-/tmp-0.0.33.tgz"
  "version" "0.0.33"
  dependencies:
    "os-tmpdir" "~1.0.2"

"tr46@~0.0.3":
  "integrity" "sha512-N3WMsuqV66lT30CrXNbEjx4GEwlow3v6rr4mCcv6prnfwhS01rkgyFdjPNBYd9br7LpXV1+Emh01fHnq2Gdgrw=="
  "resolved" "https://registry.npmjs.org/tr46/-/tr46-0.0.3.tgz"
  "version" "0.0.3"

"tslib@^1.9.0":
  "integrity" "sha512-Xni35NKzjgMrwevysHTCArtLDpPvye8zV/0E4EyYn43P7/7qvQwPh9BGkHewbMulVntbigmcT7rdX3BNo9wRJg=="
  "resolved" "https://registry.npmjs.org/tslib/-/tslib-1.14.1.tgz"
  "version" "1.14.1"

"type-fest@^0.21.3":
  "integrity" "sha512-t0rzBq87m3fVcduHDUFhKmyyX+9eo6WQjZvf51Ea/M0Q7+T374Jp1aUiyUl0GKxp8M/OETVHSDvmkyPgvX+X2w=="
  "resolved" "https://registry.npmjs.org/type-fest/-/type-fest-0.21.3.tgz"
  "version" "0.21.3"

"webidl-conversions@^3.0.0":
  "integrity" "sha512-2JAn3z8AR6rjK8Sm8orRC0h/bcl/DqL7tRPdGZ4I1CjdF+EaMLmYxBHyXuKL849eucPFhvBoxMsflfOb8kxaeQ=="
  "resolved" "https://registry.npmjs.org/webidl-conversions/-/webidl-conversions-3.0.1.tgz"
  "version" "3.0.1"

"whatwg-url@^5.0.0":
  "integrity" "sha512-saE57nupxk6v3HY35+jzBwYa0rKSy0XR8JSxZPwgLr7ys0IBzhGviA1/TUGJLmSVqs8pb9AnvICXEuOHLprYTw=="
  "resolved" "https://registry.npmjs.org/whatwg-url/-/whatwg-url-5.0.0.tgz"
  "version" "5.0.0"
  dependencies:
    "tr46" "~0.0.3"
    "webidl-conversions" "^3.0.0"

"which-module@^2.0.0":
  "integrity" "sha512-iBdZ57RDvnOR9AGBhML2vFZf7h8vmBjhoaZqODJBFWHVtKkDmKuHai3cx5PgVMrX5YDNp27AofYbAwctSS+vhQ=="
  "resolved" "https://registry.npmjs.org/which-module/-/which-module-2.0.1.tgz"
  "version" "2.0.1"

"wrap-ansi@^6.2.0":
  "integrity" "sha512-r6lPcBGxZXlIcymEu7InxDMhdW0KDxpLgoFLcguasxCaJ/SOIZwINatK9KY/tf+ZrlywOKU0UDj3ATXUBfxJXA=="
  "resolved" "https://registry.npmjs.org/wrap-ansi/-/wrap-ansi-6.2.0.tgz"
  "version" "6.2.0"
  dependencies:
    "ansi-styles" "^4.0.0"
    "string-width" "^4.1.0"
    "strip-ansi" "^6.0.0"

"y18n@^4.0.0":
  "integrity" "sha512-JKhqTOwSrqNA1NY5lSztJ1GrBiUodLMmIZuLiDaMRJ+itFd+ABVE8XBjOvIWL+rSqNDC74LCSFmlb/U4UZ4hJQ=="
  "resolved" "https://registry.npmjs.org/y18n/-/y18n-4.0.3.tgz"
  "version" "4.0.3"

"yargs-parser@^18.1.2":
  "integrity" "sha512-o50j0JeToy/4K6OZcaQmW6lyXXKhq7csREXcDwk2omFPJEwUNOVtJKvmDr9EI1fAJZUyZcRF7kxGBWmRXudrCQ=="
  "resolved" "https://registry.npmjs.org/yargs-parser/-/yargs-parser-18.1.3.tgz"
  "version" "18.1.3"
  dependencies:
    "camelcase" "^5.0.0"
    "decamelize" "^1.2.0"

"yargs@^15.0.1":
  "integrity" "sha512-aePbxDmcYW++PaqBsJ+HYUFwCdv4LVvdnhBy78E57PIor8/OVvhMrADFFEDh8DHDFRv/O9i3lPhsENjO7QX0+A=="
  "resolved" "https://registry.npmjs.org/yargs/-/yargs-15.4.1.tgz"
  "version" "15.4.1"
  dependencies:
    "cliui" "^6.0.0"
    "decamelize" "^1.2.0"
    "find-up" "^4.1.0"
    "get-caller-file" "^2.0.1"
    "require-directory" "^2.1.1"
    "require-main-filename" "^2.0.0"
    "set-blocking" "^2.0.0"
    "string-width" "^4.2.0"
    "which-module" "^2.0.0"
    "y18n" "^4.0.0"
    "yargs-parser" "^18.1.2"
